
Microsoft Visual Studio Solution File, Format Version 12.00
# Visual Studio Version 17
VisualStudioVersion = 17.1.32407.343
MinimumVisualStudioVersion = 10.0.40219.1
Project("{54A90642-561A-4BB1-A94E-469ADEE60C69}") = "PaylocityTest-FrontEnd", "PaylocityTest\PaylocityTest-FrontEnd.esproj", "{A5123DA9-086F-43DF-A357-A3EBF0C86EA7}"
EndProject
Project("{9A19103F-16F7-4668-BE54-9A1E7A4F7556}") = "PaylocityTest-BackEnd", "PaylocityTest-BackEnd\PaylocityTest-BackEnd.csproj", "{F50B58B2-1C13-477E-9E36-6640FEBAD16F}"
EndProject
Project("{FAE04EC0-301F-11D3-BF4B-00C04F79EFBC}") = "PaylocityTest-BackEndTests", "PaylocityTest-BackEndTests\PaylocityTest-BackEndTests.csproj", "{E2CB0D37-6301-48C1-8817-E6F8BE9297E5}"
EndProject
Global
	GlobalSection(SolutionConfigurationPlatforms) = preSolution
		Debug|Any CPU = Debug|Any CPU
		Release|Any CPU = Release|Any CPU
	EndGlobalSection
	GlobalSection(ProjectConfigurationPlatforms) = postSolution
		{A5123DA9-086F-43DF-A357-A3EBF0C86EA7}.Debug|Any CPU.ActiveCfg = Debug|Any CPU
		{A5123DA9-086F-43DF-A357-A3EBF0C86EA7}.Debug|Any CPU.Build.0 = Debug|Any CPU
		{A5123DA9-086F-43DF-A357-A3EBF0C86EA7}.Debug|Any CPU.Deploy.0 = Debug|Any CPU
		{A5123DA9-086F-43DF-A357-A3EBF0C86EA7}.Release|Any CPU.ActiveCfg = Release|Any CPU
		{A5123DA9-086F-43DF-A357-A3EBF0C86EA7}.Release|Any CPU.Build.0 = Release|Any CPU
		{A5123DA9-086F-43DF-A357-A3EBF0C86EA7}.Release|Any CPU.Deploy.0 = Release|Any CPU
		{F50B58B2-1C13-477E-9E36-6640FEBAD16F}.Debug|Any CPU.ActiveCfg = Debug|Any CPU
		{F50B58B2-1C13-477E-9E36-6640FEBAD16F}.Debug|Any CPU.Build.0 = Debug|Any CPU
		{F50B58B2-1C13-477E-9E36-6640FEBAD16F}.Release|Any CPU.ActiveCfg = Release|Any CPU
		{F50B58B2-1C13-477E-9E36-6640FEBAD16F}.Release|Any CPU.Build.0 = Release|Any CPU
		{E2CB0D37-6301-48C1-8817-E6F8BE9297E5}.Debug|Any CPU.ActiveCfg = Debug|Any CPU
		{E2CB0D37-6301-48C1-8817-E6F8BE9297E5}.Debug|Any CPU.Build.0 = Debug|Any CPU
		{E2CB0D37-6301-48C1-8817-E6F8BE9297E5}.Release|Any CPU.ActiveCfg = Release|Any CPU
		{E2CB0D37-6301-48C1-8817-E6F8BE9297E5}.Release|Any CPU.Build.0 = Release|Any CPU
	EndGlobalSection
	GlobalSection(SolutionProperties) = preSolution
		HideSolutionNode = FALSE
	EndGlobalSection
	GlobalSection(ExtensibilityGlobals) = postSolution
		SolutionGuid = {738B9EEA-1AF3-4C6B-9F1F-AF7A845FB51B}
	EndGlobalSection
EndGlobal
